// !$*UTF8*$!
{
	archiveVersion = 1;
	classes = {
	};
	objectVersion = 50;
	objects = {

/* Begin PBXBuildFile section */
		61501E8E2406418F001F97FD /* AppDelegate.swift in Sources */ = {isa = PBXBuildFile; fileRef = 61501E8D2406418F001F97FD /* AppDelegate.swift */; };
		61501E902406418F001F97FD /* SceneDelegate.swift in Sources */ = {isa = PBXBuildFile; fileRef = 61501E8F2406418F001F97FD /* SceneDelegate.swift */; };
		61501E922406418F001F97FD /* GameViewController.swift in Sources */ = {isa = PBXBuildFile; fileRef = 61501E912406418F001F97FD /* GameViewController.swift */; };
		61501E952406418F001F97FD /* Main.storyboard in Resources */ = {isa = PBXBuildFile; fileRef = 61501E932406418F001F97FD /* Main.storyboard */; };
		61501E9724064195001F97FD /* Assets.xcassets in Resources */ = {isa = PBXBuildFile; fileRef = 61501E9624064195001F97FD /* Assets.xcassets */; };
		61501E9A24064195001F97FD /* LaunchScreen.storyboard in Resources */ = {isa = PBXBuildFile; fileRef = 61501E9824064195001F97FD /* LaunchScreen.storyboard */; };
		61501EA224064298001F97FD /* Screen Shot 2563-02-26 at 13.07.12.png in Resources */ = {isa = PBXBuildFile; fileRef = 61501EA124064298001F97FD /* Screen Shot 2563-02-26 at 13.07.12.png */; };
		618989E82417C41E0070CB97 /* Level2ViewController.swift in Sources */ = {isa = PBXBuildFile; fileRef = 618989E72417C41E0070CB97 /* Level2ViewController.swift */; };
/* End PBXBuildFile section */

/* Begin PBXFileReference section */
		61501E8A2406418F001F97FD /* findeverything.app */ = {isa = PBXFileReference; explicitFileType = wrapper.application; includeInIndex = 0; path = findeverything.app; sourceTree = BUILT_PRODUCTS_DIR; };
		61501E8D2406418F001F97FD /* AppDelegate.swift */ = {isa = PBXFileReference; lastKnownFileType = sourcecode.swift; path = AppDelegate.swift; sourceTree = "<group>"; };
		61501E8F2406418F001F97FD /* SceneDelegate.swift */ = {isa = PBXFileReference; lastKnownFileType = sourcecode.swift; path = SceneDelegate.swift; sourceTree = "<group>"; };
		61501E912406418F001F97FD /* GameViewController.swift */ = {isa = PBXFileReference; lastKnownFileType = sourcecode.swift; path = GameViewController.swift; sourceTree = "<group>"; };
		61501E942406418F001F97FD /* Base */ = {isa = PBXFileReference; lastKnownFileType = file.storyboard; name = Base; path = Base.lproj/Main.storyboard; sourceTree = "<group>"; };
		61501E9624064195001F97FD /* Assets.xcassets */ = {isa = PBXFileReference; lastKnownFileType = folder.assetcatalog; path = Assets.xcassets; sourceTree = "<group>"; };
		61501E9924064195001F97FD /* Base */ = {isa = PBXFileReference; lastKnownFileType = file.storyboard; name = Base; path = Base.lproj/LaunchScreen.storyboard; sourceTree = "<group>"; };
		61501E9B24064195001F97FD /* Info.plist */ = {isa = PBXFileReference; lastKnownFileType = text.plist.xml; path = Info.plist; sourceTree = "<group>"; };
		61501EA124064298001F97FD /* Screen Shot 2563-02-26 at 13.07.12.png */ = {isa = PBXFileReference; lastKnownFileType = image.png; path = "Screen Shot 2563-02-26 at 13.07.12.png"; sourceTree = "<group>"; };
		618989E72417C41E0070CB97 /* Level2ViewController.swift */ = {isa = PBXFileReference; lastKnownFileType = sourcecode.swift; path = Level2ViewController.swift; sourceTree = "<group>"; };
/* End PBXFileReference section */

/* Begin PBXFrameworksBuildPhase section */
		61501E872406418F001F97FD /* Frameworks */ = {
			isa = PBXFrameworksBuildPhase;
			buildActionMask = 2147483647;
			files = (
			);
			runOnlyForDeploymentPostprocessing = 0;
		};
/* End PBXFrameworksBuildPhase section */

/* Begin PBXGroup section */
		61501E812406418F001F97FD = {
			isa = PBXGroup;
			children = (
				61501E8C2406418F001F97FD /* findeverything */,
				61501E8B2406418F001F97FD /* Products */,
			);
			sourceTree = "<group>";
		};
		61501E8B2406418F001F97FD /* Products */ = {
			isa = PBXGroup;
			children = (
				61501E8A2406418F001F97FD /* findeverything.app */,
			);
			name = Products;
			sourceTree = "<group>";
		};
		61501E8C2406418F001F97FD /* findeverything */ = {
			isa = PBXGroup;
			children = (
				618989E72417C41E0070CB97 /* Level2ViewController.swift */,
				61501E8D2406418F001F97FD /* AppDelegate.swift */,
				61501E8F2406418F001F97FD /* SceneDelegate.swift */,
				61501E912406418F001F97FD /* GameViewController.swift */,
				61501E932406418F001F97FD /* Main.storyboard */,
				61501E9624064195001F97FD /* Assets.xcassets */,
				61501EA124064298001F97FD /* Screen Shot 2563-02-26 at 13.07.12.png */,
				61501E9824064195001F97FD /* LaunchScreen.storyboard */,
				61501E9B24064195001F97FD /* Info.plist */,
			);
			path = findeverything;
			sourceTree = "<group>";
		};
/* End PBXGroup section */

/* Begin PBXNativeTarget section */
		61501E892406418F001F97FD /* findeverything */ = {
			isa = PBXNativeTarget;
			buildConfigurationList = 61501E9E24064195001F97FD /* Build configuration list for PBXNativeTarget "findeverything" */;
			buildPhases = (
				61501E862406418F001F97FD /* Sources */,
				61501E872406418F001F97FD /* Frameworks */,
				61501E882406418F001F97FD /* Resources */,
			);
			buildRules = (
			);
			dependencies = (
			);
			name = findeverything;
			productName = findeverything;
			productReference = 61501E8A2406418F001F97FD /* findeverything.app */;
			productType = "com.apple.product-type.application";
		};
/* End PBXNativeTarget section */

/* Begin PBXProject section */
		61501E822406418F001F97FD /* Project object */ = {
			isa = PBXProject;
			attributes = {
				LastSwiftUpdateCheck = 1130;
				LastUpgradeCheck = 1130;
				ORGANIZATIONNAME = "Aukmate  Chayapiwat";
				TargetAttributes = {
					61501E892406418F001F97FD = {
						CreatedOnToolsVersion = 11.3.1;
					};
				};
			};
			buildConfigurationList = 61501E852406418F001F97FD /* Build configuration list for PBXProject "findeverything" */;
			compatibilityVersion = "Xcode 9.3";
			developmentRegion = en;
			hasScannedForEncodings = 0;
			knownRegions = (
				en,
				Base,
			);
			mainGroup = 61501E812406418F001F97FD;
			productRefGroup = 61501E8B2406418F001F97FD /* Products */;
			projectDirPath = "";
			projectRoot = "";
			targets = (
				61501E892406418F001F97FD /* findeverything */,
			);
		};
/* End PBXProject section */

/* Begin PBXResourcesBuildPhase section */
		61501E882406418F001F97FD /* Resources */ = {
			isa = PBXResourcesBuildPhase;
			buildActionMask = 2147483647;
			files = (
				61501E9A24064195001F97FD /* LaunchScreen.storyboard in Resources */,
				61501E9724064195001F97FD /* Assets.xcassets in Resources */,
				61501EA224064298001F97FD /* Screen Shot 2563-02-26 at 13.07.12.png in Resources */,
				61501E952406418F001F97FD /* Main.storyboard in Resources */,
			);
			runOnlyForDeploymentPostprocessing = 0;
		};
/* End PBXResourcesBuildPhase section */

/* Begin PBXSourcesBuildPhase section */
		61501E862406418F001F97FD /* Sources */ = {
			isa = PBXSourcesBuildPhase;
			buildActionMask = 2147483647;
			files = (
				61501E922406418F001F97FD /* GameViewController.swift in Sources */,
				61501E8E2406418F001F97FD /* AppDelegate.swift in Sources */,
				618989E82417C41E0070CB97 /* Level2ViewController.swift in Sources */,
				61501E902406418F001F97FD /* SceneDelegate.swift in Sources */,
			);
			runOnlyForDeploymentPostprocessing = 0;
		};
/* End PBXSourcesBuildPhase section */

/* Begin PBXVariantGroup section */
		61501E932406418F001F97FD /* Main.storyboard */ = {
			isa = PBXVariantGroup;
			children = (
				61501E942406418F001F97FD /* Base */,
			);
			name = Main.storyboard;
			sourceTree = "<group>";
		};
		61501E9824064195001F97FD /* LaunchScreen.storyboard */ = {
			isa = PBXVariantGroup;
			children = (
				61501E9924064195001F97FD /* Base */,
			);
			name = LaunchScreen.storyboard;
			sourceTree = "<group>";
		};
/* End PBXVariantGroup section */

/* Begin XCBuildConfiguration section */
		61501E9C24064195001F97FD /* Debug */ = {
			isa = XCBuildConfiguration;
			buildSettings = {
				ALWAYS_SEARCH_USER_PATHS = NO;
				CLANG_ANALYZER_NONNULL = YES;
				CLANG_ANALYZER_NUMBER_OBJECT_CONVERSION = YES_AGGRESSIVE;
				CLANG_CXX_LANGUAGE_STANDARD = "gnu++14";
				CLANG_CXX_LIBRARY = "libc++";
				CLANG_ENABLE_MODULES = YES;
				CLANG_ENABLE_OBJC_ARC = YES;
				CLANG_ENABLE_OBJC_WEAK = YES;
				CLANG_WARN_BLOCK_CAPTURE_AUTORELEASING = YES;
				CLANG_WARN_BOOL_CONVERSION = YES;
				CLANG_WARN_COMMA = YES;
				CLANG_WARN_CONSTANT_CONVERSION = YES;
				CLANG_WARN_DEPRECATED_OBJC_IMPLEMENTATIONS = YES;
				CLANG_WARN_DIRECT_OBJC_ISA_USAGE = YES_ERROR;
				CLANG_WARN_DOCUMENTATION_COMMENTS = YES;
				CLANG_WARN_EMPTY_BODY = YES;
				CLANG_WARN_ENUM_CONVERSION = YES;
				CLANG_WARN_INFINITE_RECURSION = YES;
				CLANG_WARN_INT_CONVERSION = YES;
				CLANG_WARN_NON_LITERAL_NULL_CONVERSION = YES;
				CLANG_WARN_OBJC_IMPLICIT_RETAIN_SELF = YES;
				CLANG_WARN_OBJC_LITERAL_CONVERSION = YES;
				CLANG_WARN_OBJC_ROOT_CLASS = YES_ERROR;
				CLANG_WARN_RANGE_LOOP_ANALYSIS = YES;
				CLANG_WARN_STRICT_PROTOTYPES = YES;
				CLANG_WARN_SUSPICIOUS_MOVE = YES;
				CLANG_WARN_UNGUARDED_AVAILABILITY = YES_AGGRESSIVE;
				CLANG_WARN_UNREACHABLE_CODE = YES;
				CLANG_WARN__DUPLICATE_METHOD_MATCH = YES;
				COPY_PHASE_STRIP = NO;
				DEBUG_INFORMATION_FORMAT = dwarf;
				ENABLE_STRICT_OBJC_MSGSEND = YES;
				ENABLE_TESTABILITY = YES;
				GCC_C_LANGUAGE_STANDARD = gnu11;
				GCC_DYNAMIC_NO_PIC = NO;
				GCC_NO_COMMON_BLOCKS = YES;
				GCC_OPTIMIZATION_LEVEL = 0;
				GCC_PREPROCESSOR_DEFINITIONS = (
					"DEBUG=1",
					"$(inherited)",
				);
				GCC_WARN_64_TO_32_BIT_CONVERSION = YES;
				GCC_WARN_ABOUT_RETURN_TYPE = YES_ERROR;
				GCC_WARN_UNDECLARED_SELECTOR = YES;
				GCC_WARN_UNINITIALIZED_AUTOS = YES_AGGRESSIVE;
				GCC_WARN_UNUSED_FUNCTION = YES;
				GCC_WARN_UNUSED_VARIABLE = YES;
				IPHONEOS_DEPLOYMENT_TARGET = 13.2;
				MTL_ENABLE_DEBUG_INFO = INCLUDE_SOURCE;
				MTL_FAST_MATH = YES;
				ONLY_ACTIVE_ARCH = YES;
				SDKROOT = iphoneos;
				SWIFT_ACTIVE_COMPILATION_CONDITIONS = DEBUG;
				SWIFT_OPTIMIZATION_LEVEL = "-Onone";
			};
			name = Debug;
		};
		61501E9D24064195001F97FD /* Release */ = {
			isa = XCBuildConfiguration;
			buildSettings = {
				ALWAYS_SEARCH_USER_PATHS = NO;
				CLANG_ANALYZER_NONNULL = YES;
				CLANG_ANALYZER_NUMBER_OBJECT_CONVERSION = YES_AGGRESSIVE;
				CLANG_CXX_LANGUAGE_STANDARD = "gnu++14";
				CLANG_CXX_LIBRARY = "libc++";
				CLANG_ENABLE_MODULES = YES;
				CLANG_ENABLE_OBJC_ARC = YES;
				CLANG_ENABLE_OBJC_WEAK = YES;
				CLANG_WARN_BLOCK_CAPTURE_AUTORELEASING = YES;
				CLANG_WARN_BOOL_CONVERSION = YES;
				CLANG_WARN_COMMA = YES;
				CLANG_WARN_CONSTANT_CONVERSION = YES;
				CLANG_WARN_DEPRECATED_OBJC_IMPLEMENTATIONS = YES;
				CLANG_WARN_DIRECT_OBJC_ISA_USAGE = YES_ERROR;
				CLANG_WARN_DOCUMENTATION_COMMENTS = YES;
				CLANG_WARN_EMPTY_BODY = YES;
				CLANG_WARN_ENUM_CONVERSION = YES;
				CLANG_WARN_INFINITE_RECURSION = YES;
				CLANG_WARN_INT_CONVERSION = YES;
				CLANG_WARN_NON_LITERAL_NULL_CONVERSION = YES;
				CLANG_WARN_OBJC_IMPLICIT_RETAIN_SELF = YES;
				CLANG_WARN_OBJC_LITERAL_CONVERSION = YES;
				CLANG_WARN_OBJC_ROOT_CLASS = YES_ERROR;
				CLANG_WARN_RANGE_LOOP_ANALYSIS = YES;
				CLANG_WARN_STRICT_PROTOTYPES = YES;
				CLANG_WARN_SUSPICIOUS_MOVE = YES;
				CLANG_WARN_UNGUARDED_AVAILABILITY = YES_AGGRESSIVE;
				CLANG_WARN_UNREACHABLE_CODE = YES;
				CLANG_WARN__DUPLICATE_METHOD_MATCH = YES;
				COPY_PHASE_STRIP = NO;
				DEBUG_INFORMATION_FORMAT = "dwarf-with-dsym";
				ENABLE_NS_ASSERTIONS = NO;
				ENABLE_STRICT_OBJC_MSGSEND = YES;
				GCC_C_LANGUAGE_STANDARD = gnu11;
				GCC_NO_COMMON_BLOCKS = YES;
				GCC_WARN_64_TO_32_BIT_CONVERSION = YES;
				GCC_WARN_ABOUT_RETURN_TYPE = YES_ERROR;
				GCC_WARN_UNDECLARED_SELECTOR = YES;
				GCC_WARN_UNINITIALIZED_AUTOS = YES_AGGRESSIVE;
				GCC_WARN_UNUSED_FUNCTION = YES;
				GCC_WARN_UNUSED_VARIABLE = YES;
				IPHONEOS_DEPLOYMENT_TARGET = 13.2;
				MTL_ENABLE_DEBUG_INFO = NO;
				MTL_FAST_MATH = YES;
				SDKROOT = iphoneos;
				SWIFT_COMPILATION_MODE = wholemodule;
				SWIFT_OPTIMIZATION_LEVEL = "-O";
				VALIDATE_PRODUCT = YES;
			};
			name = Release;
		};
		61501E9F24064195001F97FD /* Debug */ = {
			isa = XCBuildConfiguration;
			buildSettings = {
				ASSETCATALOG_COMPILER_APPICON_NAME = AppIcon;
				CODE_SIGN_STYLE = Automatic;
				DEVELOPMENT_TEAM = C36U578Q4C;
				INFOPLIST_FILE = findeverything/Info.plist;
				LD_RUNPATH_SEARCH_PATHS = (
					"$(inherited)",
					"@executable_path/Frameworks",
				);
				PRODUCT_BUNDLE_IDENTIFIER = "-0.findeverything";
				PRODUCT_NAME = "$(TARGET_NAME)";
				SWIFT_VERSION = 5.0;
				TARGETED_DEVICE_FAMILY = "1,2";
			};
			name = Debug;
		};
		61501EA024064195001F97FD /* Release */ = {
			isa = XCBuildConfiguration;
			buildSettings = {
				ASSETCATALOG_COMPILER_APPICON_NAME = AppIcon;
				CODE_SIGN_STYLE = Automatic;
				DEVELOPMENT_TEAM = C36U578Q4C;
				INFOPLIST_FILE = findeverything/Info.plist;
				LD_RUNPATH_SEARCH_PATHS = (
					"$(inherited)",
					"@executable_path/Frameworks",
				);
				PRODUCT_BUNDLE_IDENTIFIER = "-0.findeverything";
				PRODUCT_NAME = "$(TARGET_NAME)";
				SWIFT_VERSION = 5.0;
				TARGETED_DEVICE_FAMILY = "1,2";
			};
			name = Release;
		};
/* End XCBuildConfiguration section */

/* Begin XCConfigurationList section */
		61501E852406418F001F97FD /* Build configuration list for PBXProject "findeverything" */ = {
			isa = XCConfigurationList;
			buildConfigurations = (
				61501E9C24064195001F97FD /* Debug */,
				61501E9D24064195001F97FD /* Release */,
			);
			defaultConfigurationIsVisible = 0;
			defaultConfigurationName = Release;
		};
		61501E9E24064195001F97FD /* Build configuration list for PBXNativeTarget "findeverything" */ = {
			isa = XCConfigurationList;
			buildConfigurations = (
				61501E9F24064195001F97FD /* Debug */,
				61501EA024064195001F97FD /* Release */,
			);
			defaultConfigurationIsVisible = 0;
			defaultConfigurationName = Release;
		};
/* End XCConfigurationList section */
	};
	rootObject = 61501E822406418F001F97FD /* Project object */;
}
